// !$*UTF8*$!
{
	archiveVersion = 1;
	classes = {
	};
	objectVersion = 55;
	objects = {

/* Begin PBXBuildFile section */
		0F1BB7CFC00AE022C70C3B6A /* Pods_collectNotes.framework in Frameworks */ = {isa = PBXBuildFile; fileRef = 6650C1DA7457B6DEC6BC79FE /* Pods_collectNotes.framework */; };
		2B7F776E294C64BE0023CC35 /* AppDelegate.swift in Sources */ = {isa = PBXBuildFile; fileRef = 2B7F776D294C64BE0023CC35 /* AppDelegate.swift */; };
		2B7F7770294C64BE0023CC35 /* SceneDelegate.swift in Sources */ = {isa = PBXBuildFile; fileRef = 2B7F776F294C64BE0023CC35 /* SceneDelegate.swift */; };
		2B7F7772294C64BE0023CC35 /* ViewController.swift in Sources */ = {isa = PBXBuildFile; fileRef = 2B7F7771294C64BE0023CC35 /* ViewController.swift */; };
		2B7F7775294C64BE0023CC35 /* Main.storyboard in Resources */ = {isa = PBXBuildFile; fileRef = 2B7F7773294C64BE0023CC35 /* Main.storyboard */; };
		2B7F7778294C64BE0023CC35 /* collectNotes.xcdatamodeld in Sources */ = {isa = PBXBuildFile; fileRef = 2B7F7776294C64BE0023CC35 /* collectNotes.xcdatamodeld */; };
		2B7F777A294C64C20023CC35 /* Assets.xcassets in Resources */ = {isa = PBXBuildFile; fileRef = 2B7F7779294C64C20023CC35 /* Assets.xcassets */; };
		2B7F777D294C64C20023CC35 /* LaunchScreen.storyboard in Resources */ = {isa = PBXBuildFile; fileRef = 2B7F777B294C64C20023CC35 /* LaunchScreen.storyboard */; };
		2B7F7786294DD0570023CC35 /* LoginTableViewController.swift in Sources */ = {isa = PBXBuildFile; fileRef = 2B7F7785294DD0570023CC35 /* LoginTableViewController.swift */; };
		2BB052AB29560BBC0087163B /* UIViewController + Extension.swift in Sources */ = {isa = PBXBuildFile; fileRef = 2BB052AA29560BBC0087163B /* UIViewController + Extension.swift */; };
		2BB052AD2956E7740087163B /* SignupTableViewController.swift in Sources */ = {isa = PBXBuildFile; fileRef = 2BB052AC2956E7740087163B /* SignupTableViewController.swift */; };
		2BEA19552955B0E500C4ACDC /* String + Extension.swift in Sources */ = {isa = PBXBuildFile; fileRef = 2BEA19542955B0E500C4ACDC /* String + Extension.swift */; };
		2BEA19572955C51D00C4ACDC /* UIAlertController + Extension.swift in Sources */ = {isa = PBXBuildFile; fileRef = 2BEA19562955C51D00C4ACDC /* UIAlertController + Extension.swift */; };
/* End PBXBuildFile section */

/* Begin PBXFileReference section */
		2B7F776A294C64BE0023CC35 /* collectNotes.app */ = {isa = PBXFileReference; explicitFileType = wrapper.application; includeInIndex = 0; path = collectNotes.app; sourceTree = BUILT_PRODUCTS_DIR; };
		2B7F776D294C64BE0023CC35 /* AppDelegate.swift */ = {isa = PBXFileReference; lastKnownFileType = sourcecode.swift; path = AppDelegate.swift; sourceTree = "<group>"; };
		2B7F776F294C64BE0023CC35 /* SceneDelegate.swift */ = {isa = PBXFileReference; lastKnownFileType = sourcecode.swift; path = SceneDelegate.swift; sourceTree = "<group>"; };
		2B7F7771294C64BE0023CC35 /* ViewController.swift */ = {isa = PBXFileReference; lastKnownFileType = sourcecode.swift; path = ViewController.swift; sourceTree = "<group>"; };
		2B7F7774294C64BE0023CC35 /* Base */ = {isa = PBXFileReference; lastKnownFileType = file.storyboard; name = Base; path = Base.lproj/Main.storyboard; sourceTree = "<group>"; };
		2B7F7777294C64BE0023CC35 /* collectNotes.xcdatamodel */ = {isa = PBXFileReference; lastKnownFileType = wrapper.xcdatamodel; path = collectNotes.xcdatamodel; sourceTree = "<group>"; };
		2B7F7779294C64C20023CC35 /* Assets.xcassets */ = {isa = PBXFileReference; lastKnownFileType = folder.assetcatalog; path = Assets.xcassets; sourceTree = "<group>"; };
		2B7F777C294C64C20023CC35 /* Base */ = {isa = PBXFileReference; lastKnownFileType = file.storyboard; name = Base; path = Base.lproj/LaunchScreen.storyboard; sourceTree = "<group>"; };
		2B7F777E294C64C20023CC35 /* Info.plist */ = {isa = PBXFileReference; lastKnownFileType = text.plist.xml; path = Info.plist; sourceTree = "<group>"; };
		2B7F7785294DD0570023CC35 /* LoginTableViewController.swift */ = {isa = PBXFileReference; lastKnownFileType = sourcecode.swift; path = LoginTableViewController.swift; sourceTree = "<group>"; };
		2BB052AA29560BBC0087163B /* UIViewController + Extension.swift */ = {isa = PBXFileReference; lastKnownFileType = sourcecode.swift; path = "UIViewController + Extension.swift"; sourceTree = "<group>"; };
		2BB052AC2956E7740087163B /* SignupTableViewController.swift */ = {isa = PBXFileReference; lastKnownFileType = sourcecode.swift; path = SignupTableViewController.swift; sourceTree = "<group>"; };
		2BEA19542955B0E500C4ACDC /* String + Extension.swift */ = {isa = PBXFileReference; lastKnownFileType = sourcecode.swift; path = "String + Extension.swift"; sourceTree = "<group>"; };
		2BEA19562955C51D00C4ACDC /* UIAlertController + Extension.swift */ = {isa = PBXFileReference; lastKnownFileType = sourcecode.swift; path = "UIAlertController + Extension.swift"; sourceTree = "<group>"; };
		2CA5202DB09CD9B08478C356 /* Pods-collectNotes.debug.xcconfig */ = {isa = PBXFileReference; includeInIndex = 1; lastKnownFileType = text.xcconfig; name = "Pods-collectNotes.debug.xcconfig"; path = "Target Support Files/Pods-collectNotes/Pods-collectNotes.debug.xcconfig"; sourceTree = "<group>"; };
		6650C1DA7457B6DEC6BC79FE /* Pods_collectNotes.framework */ = {isa = PBXFileReference; explicitFileType = wrapper.framework; includeInIndex = 0; path = Pods_collectNotes.framework; sourceTree = BUILT_PRODUCTS_DIR; };
		FDEFCBD0D5511A0EF5ADC76B /* Pods-collectNotes.release.xcconfig */ = {isa = PBXFileReference; includeInIndex = 1; lastKnownFileType = text.xcconfig; name = "Pods-collectNotes.release.xcconfig"; path = "Target Support Files/Pods-collectNotes/Pods-collectNotes.release.xcconfig"; sourceTree = "<group>"; };
/* End PBXFileReference section */

/* Begin PBXFrameworksBuildPhase section */
		2B7F7767294C64BE0023CC35 /* Frameworks */ = {
			isa = PBXFrameworksBuildPhase;
			buildActionMask = 2147483647;
			files = (
				0F1BB7CFC00AE022C70C3B6A /* Pods_collectNotes.framework in Frameworks */,
			);
			runOnlyForDeploymentPostprocessing = 0;
		};
/* End PBXFrameworksBuildPhase section */

/* Begin PBXGroup section */
		1C72D4B1EE82970F783BACDD /* Pods */ = {
			isa = PBXGroup;
			children = (
				2CA5202DB09CD9B08478C356 /* Pods-collectNotes.debug.xcconfig */,
				FDEFCBD0D5511A0EF5ADC76B /* Pods-collectNotes.release.xcconfig */,
			);
			path = Pods;
			sourceTree = "<group>";
		};
		2B7F7761294C64BE0023CC35 = {
			isa = PBXGroup;
			children = (
				2B7F776C294C64BE0023CC35 /* collectNotes */,
				2B7F776B294C64BE0023CC35 /* Products */,
				1C72D4B1EE82970F783BACDD /* Pods */,
				F8032688FD3712F943BCE9B4 /* Frameworks */,
			);
			sourceTree = "<group>";
		};
		2B7F776B294C64BE0023CC35 /* Products */ = {
			isa = PBXGroup;
			children = (
				2B7F776A294C64BE0023CC35 /* collectNotes.app */,
			);
			name = Products;
			sourceTree = "<group>";
		};
		2B7F776C294C64BE0023CC35 /* collectNotes */ = {
			isa = PBXGroup;
			children = (
				2B7F776D294C64BE0023CC35 /* AppDelegate.swift */,
				2B7F776F294C64BE0023CC35 /* SceneDelegate.swift */,
				2B7F7771294C64BE0023CC35 /* ViewController.swift */,
				2B7F7784294C6C060023CC35 /* controller */,
				2BEA194F2955AF4600C4ACDC /* utill */,
				2B7F7773294C64BE0023CC35 /* Main.storyboard */,
				2B7F7779294C64C20023CC35 /* Assets.xcassets */,
				2B7F777B294C64C20023CC35 /* LaunchScreen.storyboard */,
				2B7F777E294C64C20023CC35 /* Info.plist */,
				2B7F7776294C64BE0023CC35 /* collectNotes.xcdatamodeld */,
			);
			path = collectNotes;
			sourceTree = "<group>";
		};
		2B7F7784294C6C060023CC35 /* controller */ = {
			isa = PBXGroup;
			children = (
				2B7F7785294DD0570023CC35 /* LoginTableViewController.swift */,
				2BB052AC2956E7740087163B /* SignupTableViewController.swift */,
			);
			path = controller;
			sourceTree = "<group>";
		};
		2BEA194F2955AF4600C4ACDC /* utill */ = {
			isa = PBXGroup;
			children = (
				2BEA19542955B0E500C4ACDC /* String + Extension.swift */,
				2BB052AA29560BBC0087163B /* UIViewController + Extension.swift */,
				2BEA19562955C51D00C4ACDC /* UIAlertController + Extension.swift */,
			);
			path = utill;
			sourceTree = "<group>";
		};
		F8032688FD3712F943BCE9B4 /* Frameworks */ = {
			isa = PBXGroup;
			children = (
				6650C1DA7457B6DEC6BC79FE /* Pods_collectNotes.framework */,
			);
			name = Frameworks;
			sourceTree = "<group>";
		};
/* End PBXGroup section */

/* Begin PBXNativeTarget section */
		2B7F7769294C64BE0023CC35 /* collectNotes */ = {
			isa = PBXNativeTarget;
			buildConfigurationList = 2B7F7781294C64C20023CC35 /* Build configuration list for PBXNativeTarget "collectNotes" */;
			buildPhases = (
				3FECD2FC92EAA8DBFF0B0B95 /* [CP] Check Pods Manifest.lock */,
				2B7F7766294C64BE0023CC35 /* Sources */,
				2B7F7767294C64BE0023CC35 /* Frameworks */,
				2B7F7768294C64BE0023CC35 /* Resources */,
				3F107CD102B1A8112E911C10 /* [CP] Embed Pods Frameworks */,
			);
			buildRules = (
			);
			dependencies = (
			);
			name = collectNotes;
			productName = collectNotes;
			productReference = 2B7F776A294C64BE0023CC35 /* collectNotes.app */;
			productType = "com.apple.product-type.application";
		};
/* End PBXNativeTarget section */

/* Begin PBXProject section */
		2B7F7762294C64BE0023CC35 /* Project object */ = {
			isa = PBXProject;
			attributes = {
				BuildIndependentTargetsInParallel = 1;
				LastSwiftUpdateCheck = 1330;
				LastUpgradeCheck = 1330;
				TargetAttributes = {
					2B7F7769294C64BE0023CC35 = {
						CreatedOnToolsVersion = 13.3.1;
					};
				};
			};
			buildConfigurationList = 2B7F7765294C64BE0023CC35 /* Build configuration list for PBXProject "collectNotes" */;
			compatibilityVersion = "Xcode 13.0";
			developmentRegion = en;
			hasScannedForEncodings = 0;
			knownRegions = (
				en,
				Base,
			);
			mainGroup = 2B7F7761294C64BE0023CC35;
			productRefGroup = 2B7F776B294C64BE0023CC35 /* Products */;
			projectDirPath = "";
			projectRoot = "";
			targets = (
				2B7F7769294C64BE0023CC35 /* collectNotes */,
			);
		};
/* End PBXProject section */

/* Begin PBXResourcesBuildPhase section */
		2B7F7768294C64BE0023CC35 /* Resources */ = {
			isa = PBXResourcesBuildPhase;
			buildActionMask = 2147483647;
			files = (
				2B7F777D294C64C20023CC35 /* LaunchScreen.storyboard in Resources */,
				2B7F777A294C64C20023CC35 /* Assets.xcassets in Resources */,
				2B7F7775294C64BE0023CC35 /* Main.storyboard in Resources */,
			);
			runOnlyForDeploymentPostprocessing = 0;
		};
/* End PBXResourcesBuildPhase section */

/* Begin PBXShellScriptBuildPhase section */
		3F107CD102B1A8112E911C10 /* [CP] Embed Pods Frameworks */ = {
			isa = PBXShellScriptBuildPhase;
			buildActionMask = 2147483647;
			files = (
			);
			inputFileListPaths = (
				"${PODS_ROOT}/Target Support Files/Pods-collectNotes/Pods-collectNotes-frameworks-${CONFIGURATION}-input-files.xcfilelist",
			);
			name = "[CP] Embed Pods Frameworks";
			outputFileListPaths = (
				"${PODS_ROOT}/Target Support Files/Pods-collectNotes/Pods-collectNotes-frameworks-${CONFIGURATION}-output-files.xcfilelist",
			);
			runOnlyForDeploymentPostprocessing = 0;
			shellPath = /bin/sh;
			shellScript = "\"${PODS_ROOT}/Target Support Files/Pods-collectNotes/Pods-collectNotes-frameworks.sh\"\n";
			showEnvVarsInLog = 0;
		};
		3FECD2FC92EAA8DBFF0B0B95 /* [CP] Check Pods Manifest.lock */ = {
			isa = PBXShellScriptBuildPhase;
			buildActionMask = 2147483647;
			files = (
			);
			inputFileListPaths = (
			);
			inputPaths = (
				"${PODS_PODFILE_DIR_PATH}/Podfile.lock",
				"${PODS_ROOT}/Manifest.lock",
			);
			name = "[CP] Check Pods Manifest.lock";
			outputFileListPaths = (
			);
			outputPaths = (
				"$(DERIVED_FILE_DIR)/Pods-collectNotes-checkManifestLockResult.txt",
			);
			runOnlyForDeploymentPostprocessing = 0;
			shellPath = /bin/sh;
			shellScript = "diff \"${PODS_PODFILE_DIR_PATH}/Podfile.lock\" \"${PODS_ROOT}/Manifest.lock\" > /dev/null\nif [ $? != 0 ] ; then\n    # print error to STDERR\n    echo \"error: The sandbox is not in sync with the Podfile.lock. Run 'pod install' or update your CocoaPods installation.\" >&2\n    exit 1\nfi\n# This output is used by Xcode 'outputs' to avoid re-running this script phase.\necho \"SUCCESS\" > \"${SCRIPT_OUTPUT_FILE_0}\"\n";
			showEnvVarsInLog = 0;
		};
/* End PBXShellScriptBuildPhase section */

/* Begin PBXSourcesBuildPhase section */
		2B7F7766294C64BE0023CC35 /* Sources */ = {
			isa = PBXSourcesBuildPhase;
			buildActionMask = 2147483647;
			files = (
				2B7F7786294DD0570023CC35 /* LoginTableViewController.swift in Sources */,
				2BB052AD2956E7740087163B /* SignupTableViewController.swift in Sources */,
				2B7F7778294C64BE0023CC35 /* collectNotes.xcdatamodeld in Sources */,
				2BB052AB29560BBC0087163B /* UIViewController + Extension.swift in Sources */,
				2BEA19552955B0E500C4ACDC /* String + Extension.swift in Sources */,
				2B7F7772294C64BE0023CC35 /* ViewController.swift in Sources */,
				2B7F776E294C64BE0023CC35 /* AppDelegate.swift in Sources */,
				2BEA19572955C51D00C4ACDC /* UIAlertController + Extension.swift in Sources */,
				2B7F7770294C64BE0023CC35 /* SceneDelegate.swift in Sources */,
			);
			runOnlyForDeploymentPostprocessing = 0;
		};
/* End PBXSourcesBuildPhase section */

/* Begin PBXVariantGroup section */
		2B7F7773294C64BE0023CC35 /* Main.storyboard */ = {
			isa = PBXVariantGroup;
			children = (
				2B7F7774294C64BE0023CC35 /* Base */,
			);
			name = Main.storyboard;
			sourceTree = "<group>";
		};
		2B7F777B294C64C20023CC35 /* LaunchScreen.storyboard */ = {
			isa = PBXVariantGroup;
			children = (
				2B7F777C294C64C20023CC35 /* Base */,
			);
			name = LaunchScreen.storyboard;
			sourceTree = "<group>";
		};
/* End PBXVariantGroup section */

/* Begin XCBuildConfiguration section */
		2B7F777F294C64C20023CC35 /* Debug */ = {
			isa = XCBuildConfiguration;
			buildSettings = {
				ALWAYS_SEARCH_USER_PATHS = NO;
				CLANG_ANALYZER_NONNULL = YES;
				CLANG_ANALYZER_NUMBER_OBJECT_CONVERSION = YES_AGGRESSIVE;
				CLANG_CXX_LANGUAGE_STANDARD = "gnu++17";
				CLANG_ENABLE_MODULES = YES;
				CLANG_ENABLE_OBJC_ARC = YES;
				CLANG_ENABLE_OBJC_WEAK = YES;
				CLANG_WARN_BLOCK_CAPTURE_AUTORELEASING = YES;
				CLANG_WARN_BOOL_CONVERSION = YES;
				CLANG_WARN_COMMA = YES;
				CLANG_WARN_CONSTANT_CONVERSION = YES;
				CLANG_WARN_DEPRECATED_OBJC_IMPLEMENTATIONS = YES;
				CLANG_WARN_DIRECT_OBJC_ISA_USAGE = YES_ERROR;
				CLANG_WARN_DOCUMENTATION_COMMENTS = YES;
				CLANG_WARN_EMPTY_BODY = YES;
				CLANG_WARN_ENUM_CONVERSION = YES;
				CLANG_WARN_INFINITE_RECURSION = YES;
				CLANG_WARN_INT_CONVERSION = YES;
				CLANG_WARN_NON_LITERAL_NULL_CONVERSION = YES;
				CLANG_WARN_OBJC_IMPLICIT_RETAIN_SELF = YES;
				CLANG_WARN_OBJC_LITERAL_CONVERSION = YES;
				CLANG_WARN_OBJC_ROOT_CLASS = YES_ERROR;
				CLANG_WARN_QUOTED_INCLUDE_IN_FRAMEWORK_HEADER = YES;
				CLANG_WARN_RANGE_LOOP_ANALYSIS = YES;
				CLANG_WARN_STRICT_PROTOTYPES = YES;
				CLANG_WARN_SUSPICIOUS_MOVE = YES;
				CLANG_WARN_UNGUARDED_AVAILABILITY = YES_AGGRESSIVE;
				CLANG_WARN_UNREACHABLE_CODE = YES;
				CLANG_WARN__DUPLICATE_METHOD_MATCH = YES;
				COPY_PHASE_STRIP = NO;
				DEBUG_INFORMATION_FORMAT = dwarf;
				ENABLE_STRICT_OBJC_MSGSEND = YES;
				ENABLE_TESTABILITY = YES;
				GCC_C_LANGUAGE_STANDARD = gnu11;
				GCC_DYNAMIC_NO_PIC = NO;
				GCC_NO_COMMON_BLOCKS = YES;
				GCC_OPTIMIZATION_LEVEL = 0;
				GCC_PREPROCESSOR_DEFINITIONS = (
					"DEBUG=1",
					"$(inherited)",
				);
				GCC_WARN_64_TO_32_BIT_CONVERSION = YES;
				GCC_WARN_ABOUT_RETURN_TYPE = YES_ERROR;
				GCC_WARN_UNDECLARED_SELECTOR = YES;
				GCC_WARN_UNINITIALIZED_AUTOS = YES_AGGRESSIVE;
				GCC_WARN_UNUSED_FUNCTION = YES;
				GCC_WARN_UNUSED_VARIABLE = YES;
				IPHONEOS_DEPLOYMENT_TARGET = 15.4;
				MTL_ENABLE_DEBUG_INFO = INCLUDE_SOURCE;
				MTL_FAST_MATH = YES;
				ONLY_ACTIVE_ARCH = YES;
				SDKROOT = iphoneos;
				SWIFT_ACTIVE_COMPILATION_CONDITIONS = DEBUG;
				SWIFT_OPTIMIZATION_LEVEL = "-Onone";
			};
			name = Debug;
		};
		2B7F7780294C64C20023CC35 /* Release */ = {
			isa = XCBuildConfiguration;
			buildSettings = {
				ALWAYS_SEARCH_USER_PATHS = NO;
				CLANG_ANALYZER_NONNULL = YES;
				CLANG_ANALYZER_NUMBER_OBJECT_CONVERSION = YES_AGGRESSIVE;
				CLANG_CXX_LANGUAGE_STANDARD = "gnu++17";
				CLANG_ENABLE_MODULES = YES;
				CLANG_ENABLE_OBJC_ARC = YES;
				CLANG_ENABLE_OBJC_WEAK = YES;
				CLANG_WARN_BLOCK_CAPTURE_AUTORELEASING = YES;
				CLANG_WARN_BOOL_CONVERSION = YES;
				CLANG_WARN_COMMA = YES;
				CLANG_WARN_CONSTANT_CONVERSION = YES;
				CLANG_WARN_DEPRECATED_OBJC_IMPLEMENTATIONS = YES;
				CLANG_WARN_DIRECT_OBJC_ISA_USAGE = YES_ERROR;
				CLANG_WARN_DOCUMENTATION_COMMENTS = YES;
				CLANG_WARN_EMPTY_BODY = YES;
				CLANG_WARN_ENUM_CONVERSION = YES;
				CLANG_WARN_INFINITE_RECURSION = YES;
				CLANG_WARN_INT_CONVERSION = YES;
				CLANG_WARN_NON_LITERAL_NULL_CONVERSION = YES;
				CLANG_WARN_OBJC_IMPLICIT_RETAIN_SELF = YES;
				CLANG_WARN_OBJC_LITERAL_CONVERSION = YES;
				CLANG_WARN_OBJC_ROOT_CLASS = YES_ERROR;
				CLANG_WARN_QUOTED_INCLUDE_IN_FRAMEWORK_HEADER = YES;
				CLANG_WARN_RANGE_LOOP_ANALYSIS = YES;
				CLANG_WARN_STRICT_PROTOTYPES = YES;
				CLANG_WARN_SUSPICIOUS_MOVE = YES;
				CLANG_WARN_UNGUARDED_AVAILABILITY = YES_AGGRESSIVE;
				CLANG_WARN_UNREACHABLE_CODE = YES;
				CLANG_WARN__DUPLICATE_METHOD_MATCH = YES;
				COPY_PHASE_STRIP = NO;
				DEBUG_INFORMATION_FORMAT = "dwarf-with-dsym";
				ENABLE_NS_ASSERTIONS = NO;
				ENABLE_STRICT_OBJC_MSGSEND = YES;
				GCC_C_LANGUAGE_STANDARD = gnu11;
				GCC_NO_COMMON_BLOCKS = YES;
				GCC_WARN_64_TO_32_BIT_CONVERSION = YES;
				GCC_WARN_ABOUT_RETURN_TYPE = YES_ERROR;
				GCC_WARN_UNDECLARED_SELECTOR = YES;
				GCC_WARN_UNINITIALIZED_AUTOS = YES_AGGRESSIVE;
				GCC_WARN_UNUSED_FUNCTION = YES;
				GCC_WARN_UNUSED_VARIABLE = YES;
				IPHONEOS_DEPLOYMENT_TARGET = 15.4;
				MTL_ENABLE_DEBUG_INFO = NO;
				MTL_FAST_MATH = YES;
				SDKROOT = iphoneos;
				SWIFT_COMPILATION_MODE = wholemodule;
				SWIFT_OPTIMIZATION_LEVEL = "-O";
				VALIDATE_PRODUCT = YES;
			};
			name = Release;
		};
		2B7F7782294C64C20023CC35 /* Debug */ = {
			isa = XCBuildConfiguration;
			baseConfigurationReference = 2CA5202DB09CD9B08478C356 /* Pods-collectNotes.debug.xcconfig */;
			buildSettings = {
				ASSETCATALOG_COMPILER_APPICON_NAME = AppIcon;
				ASSETCATALOG_COMPILER_GLOBAL_ACCENT_COLOR_NAME = AccentColor;
				CODE_SIGN_STYLE = Automatic;
				CURRENT_PROJECT_VERSION = 1;
				GENERATE_INFOPLIST_FILE = YES;
				INFOPLIST_FILE = collectNotes/Info.plist;
				INFOPLIST_KEY_UIApplicationSupportsIndirectInputEvents = YES;
				INFOPLIST_KEY_UILaunchStoryboardName = LaunchScreen;
				INFOPLIST_KEY_UIMainStoryboardFile = Main;
				INFOPLIST_KEY_UISupportedInterfaceOrientations_iPad = "UIInterfaceOrientationPortrait UIInterfaceOrientationPortraitUpsideDown UIInterfaceOrientationLandscapeLeft UIInterfaceOrientationLandscapeRight";
				INFOPLIST_KEY_UISupportedInterfaceOrientations_iPhone = "UIInterfaceOrientationPortrait UIInterfaceOrientationLandscapeLeft UIInterfaceOrientationLandscapeRight";
				LD_RUNPATH_SEARCH_PATHS = (
					"$(inherited)",
					"@executable_path/Frameworks",
				);
				MARKETING_VERSION = 1.0;
				PRODUCT_BUNDLE_IDENTIFIER = com.faizan.collectNotes;
				PRODUCT_NAME = "$(TARGET_NAME)";
				SWIFT_EMIT_LOC_STRINGS = YES;
				SWIFT_VERSION = 5.0;
				TARGETED_DEVICE_FAMILY = "1,2";
			};
			name = Debug;
		};
		2B7F7783294C64C20023CC35 /* Release */ = {
			isa = XCBuildConfiguration;
			baseConfigurationReference = FDEFCBD0D5511A0EF5ADC76B /* Pods-collectNotes.release.xcconfig */;
			buildSettings = {
				ASSETCATALOG_COMPILER_APPICON_NAME = AppIcon;
				ASSETCATALOG_COMPILER_GLOBAL_ACCENT_COLOR_NAME = AccentColor;
				CODE_SIGN_STYLE = Automatic;
				CURRENT_PROJECT_VERSION = 1;
				GENERATE_INFOPLIST_FILE = YES;
				INFOPLIST_FILE = collectNotes/Info.plist;
				INFOPLIST_KEY_UIApplicationSupportsIndirectInputEvents = YES;
				INFOPLIST_KEY_UILaunchStoryboardName = LaunchScreen;
				INFOPLIST_KEY_UIMainStoryboardFile = Main;
				INFOPLIST_KEY_UISupportedInterfaceOrientations_iPad = "UIInterfaceOrientationPortrait UIInterfaceOrientationPortraitUpsideDown UIInterfaceOrientationLandscapeLeft UIInterfaceOrientationLandscapeRight";
				INFOPLIST_KEY_UISupportedInterfaceOrientations_iPhone = "UIInterfaceOrientationPortrait UIInterfaceOrientationLandscapeLeft UIInterfaceOrientationLandscapeRight";
				LD_RUNPATH_SEARCH_PATHS = (
					"$(inherited)",
					"@executable_path/Frameworks",
				);
				MARKETING_VERSION = 1.0;
				PRODUCT_BUNDLE_IDENTIFIER = com.faizan.collectNotes;
				PRODUCT_NAME = "$(TARGET_NAME)";
				SWIFT_EMIT_LOC_STRINGS = YES;
				SWIFT_VERSION = 5.0;
				TARGETED_DEVICE_FAMILY = "1,2";
			};
			name = Release;
		};
/* End XCBuildConfiguration section */

/* Begin XCConfigurationList section */
		2B7F7765294C64BE0023CC35 /* Build configuration list for PBXProject "collectNotes" */ = {
			isa = XCConfigurationList;
			buildConfigurations = (
				2B7F777F294C64C20023CC35 /* Debug */,
				2B7F7780294C64C20023CC35 /* Release */,
			);
			defaultConfigurationIsVisible = 0;
			defaultConfigurationName = Release;
		};
		2B7F7781294C64C20023CC35 /* Build configuration list for PBXNativeTarget "collectNotes" */ = {
			isa = XCConfigurationList;
			buildConfigurations = (
				2B7F7782294C64C20023CC35 /* Debug */,
				2B7F7783294C64C20023CC35 /* Release */,
			);
			defaultConfigurationIsVisible = 0;
			defaultConfigurationName = Release;
		};
/* End XCConfigurationList section */

/* Begin XCVersionGroup section */
		2B7F7776294C64BE0023CC35 /* collectNotes.xcdatamodeld */ = {
			isa = XCVersionGroup;
			children = (
				2B7F7777294C64BE0023CC35 /* collectNotes.xcdatamodel */,
			);
			currentVersion = 2B7F7777294C64BE0023CC35 /* collectNotes.xcdatamodel */;
			path = collectNotes.xcdatamodeld;
			sourceTree = "<group>";
			versionGroupType = wrapper.xcdatamodel;
		};
/* End XCVersionGroup section */
	};
	rootObject = 2B7F7762294C64BE0023CC35 /* Project object */;
}
